
Microsoft Visual Studio Solution File, Format Version 12.00
# Visual Studio Version 16
VisualStudioVersion = 16.0.33927.289
MinimumVisualStudioVersion = 10.0.40219.1
Project("{2150E333-8FDC-42A3-9474-1A3956D46DE8}") = "Task0", "Task0", "{797D8B11-49A7-4DAC-8B4E-374F3DACE690}"
EndProject
Project("{FAE04EC0-301F-11D3-BF4B-00C04F79EFBC}") = "Tyuiu.ShpilevayaAS.Sprint5.Task0.V10", "Tyuiu.ShpilevayaAS.Sprint5.Task0.V10\Tyuiu.ShpilevayaAS.Sprint5.Task0.V10.csproj", "{F1DE1093-720E-443C-82C7-6A7AB98314D9}"
EndProject
Project("{FAE04EC0-301F-11D3-BF4B-00C04F79EFBC}") = "Tyuiu.ShpilevayaAS.Sprint5.Task0.V10.Lib", "Tyuiu.ShpilevayaAS.Sprint5.Task0.V10.Lib\Tyuiu.ShpilevayaAS.Sprint5.Task0.V10.Lib.csproj", "{A23718D0-AFA6-4FB5-A8C8-F4C41AB36ED3}"
EndProject
Project("{FAE04EC0-301F-11D3-BF4B-00C04F79EFBC}") = "Tyuiu.ShpilevayaAS.Sprint5.Task0.V10.Test", "Tyuiu.ShpilevayaAS.Sprint5.Task0.V10.Test\Tyuiu.ShpilevayaAS.Sprint5.Task0.V10.Test.csproj", "{8E78E18D-2CFD-489D-9FB8-708DE127A7C5}"
EndProject
Project("{2150E333-8FDC-42A3-9474-1A3956D46DE8}") = "Task1", "Task1", "{80533DB3-1323-4AB5-B02F-16688C94C138}"
EndProject
Project("{FAE04EC0-301F-11D3-BF4B-00C04F79EFBC}") = "Tyuiu.ShpilevayaAS.Sprint5.Task1.V13", "Tyuiu.ShpilevayaAS.Sprint5.Task1.V13\Tyuiu.ShpilevayaAS.Sprint5.Task1.V13.csproj", "{571678DC-2FEB-43B3-B865-1A9770AC290B}"
EndProject
Project("{FAE04EC0-301F-11D3-BF4B-00C04F79EFBC}") = "Tyuiu.ShpilevayaAS.Sprint5.Task1.V13.Lib", "Tyuiu.ShpilevayaAS.Sprint5.Task1.V13.Lib\Tyuiu.ShpilevayaAS.Sprint5.Task1.V13.Lib.csproj", "{E4012395-4584-4556-AC23-E7CD58612B6C}"
EndProject
Project("{FAE04EC0-301F-11D3-BF4B-00C04F79EFBC}") = "Tyuiu.ShpilevayaAS.Sprint5.Task1.V13.Test", "Tyuiu.ShpilevayaAS.Sprint5.Task1.V13.Test\Tyuiu.ShpilevayaAS.Sprint5.Task1.V13.Test.csproj", "{96510A73-B5C7-446D-8FDB-A5EC2864AB6C}"
EndProject
Project("{2150E333-8FDC-42A3-9474-1A3956D46DE8}") = "Task2", "Task2", "{81A72EDC-D449-4FDD-B740-70B44928256A}"
EndProject
Project("{FAE04EC0-301F-11D3-BF4B-00C04F79EFBC}") = "Tyuiu.ShpilevayaAS.Sprint5.Task2.V25", "Tyuiu.ShpilevayaAS.Sprint5.Task2.V25\Tyuiu.ShpilevayaAS.Sprint5.Task2.V25.csproj", "{776CBBD6-222F-4B41-8542-52C7234CEB27}"
EndProject
Project("{FAE04EC0-301F-11D3-BF4B-00C04F79EFBC}") = "Tyuiu.ShpilevayaAS.Sprint5.Task2.V25.Lib", "Tyuiu.ShpilevayaAS.Sprint5.Task2.V25.Lib\Tyuiu.ShpilevayaAS.Sprint5.Task2.V25.Lib.csproj", "{AAFC38D0-A2A9-4871-BEA3-6812C649F6B0}"
EndProject
Project("{FAE04EC0-301F-11D3-BF4B-00C04F79EFBC}") = "Tyuiu.ShpilevayaAS.Sprint5.Task2.V25.Test", "Tyuiu.ShpilevayaAS.Sprint5.Task2.V25.Test\Tyuiu.ShpilevayaAS.Sprint5.Task2.V25.Test.csproj", "{A14BF543-43AF-464F-BAEE-24B9E4D50641}"
EndProject
Project("{2150E333-8FDC-42A3-9474-1A3956D46DE8}") = "Task3", "Task3", "{3A111CB7-EF7F-4D35-A31F-AE926D4C46AB}"
EndProject
Project("{FAE04EC0-301F-11D3-BF4B-00C04F79EFBC}") = "Tyuiu.ShpilevayaAS.Sprint5.Task3.V26", "Tyuiu.ShpilevayaAS.Sprint5.Task3.V26\Tyuiu.ShpilevayaAS.Sprint5.Task3.V26.csproj", "{8B6FDEDB-4BB6-4F9F-B548-1CA8FEA5155A}"
EndProject
Project("{FAE04EC0-301F-11D3-BF4B-00C04F79EFBC}") = "Tyuiu.ShpilevayaAS.Sprint5.Task3.V26.Lib", "Tyuiu.ShpilevayaAS.Sprint5.Task3.V26.Lib\Tyuiu.ShpilevayaAS.Sprint5.Task3.V26.Lib.csproj", "{1A81E6AB-86EC-43AE-B09D-4CDF4C2D42B0}"
EndProject
Project("{FAE04EC0-301F-11D3-BF4B-00C04F79EFBC}") = "Tyuiu.ShpilevayaAS.Sprint5.Task3.V26.Test", "Tyuiu.ShpilevayaAS.Sprint5.Task3.V26.Test\Tyuiu.ShpilevayaAS.Sprint5.Task3.V26.Test.csproj", "{8FEE86E9-CBAF-45BA-B426-4710DB7B04B3}"
EndProject
Project("{2150E333-8FDC-42A3-9474-1A3956D46DE8}") = "Task4", "Task4", "{AACED109-0D21-44D4-9ADB-4EF7D4306354}"
EndProject
Project("{FAE04EC0-301F-11D3-BF4B-00C04F79EFBC}") = "Tyuiu.ShpilevayaAS.Sprint5.Task4.V5", "Tyuiu.ShpilevayaAS.Sprint5.Task4.V5\Tyuiu.ShpilevayaAS.Sprint5.Task4.V5.csproj", "{2770B5EC-D453-4742-AB9C-7B5C5D68C5E3}"
EndProject
Project("{FAE04EC0-301F-11D3-BF4B-00C04F79EFBC}") = "Tyuiu.ShpilevayaAS.Sprint5.Task4.V5.Lib", "Tyuiu.ShpilevayaAS.Sprint5.Task4.V5.Lib\Tyuiu.ShpilevayaAS.Sprint5.Task4.V5.Lib.csproj", "{26EE196B-5B99-414F-A782-757A68D06C72}"
EndProject
Project("{FAE04EC0-301F-11D3-BF4B-00C04F79EFBC}") = "Tyuiu.ShpilevayaAS.Sprint5.Task4.V5.Test", "Tyuiu.ShpilevayaAS.Sprint5.Task4.V5.Test\Tyuiu.ShpilevayaAS.Sprint5.Task4.V5.Test.csproj", "{DEA53EF4-74D1-4910-8C81-581337B40D0E}"
EndProject
Project("{2150E333-8FDC-42A3-9474-1A3956D46DE8}") = "Task5", "Task5", "{C292DACA-740C-4EE4-9DBC-167BF791A285}"
EndProject
Project("{FAE04EC0-301F-11D3-BF4B-00C04F79EFBC}") = "Tyuiu.ShpilevayaAS.Sprint5.Task5.V24", "Tyuiu.ShpilevayaAS.Sprint5.Task5.V24\Tyuiu.ShpilevayaAS.Sprint5.Task5.V24.csproj", "{315F1C65-A4F3-475E-9CE5-2787EC66DB9E}"
EndProject
Project("{FAE04EC0-301F-11D3-BF4B-00C04F79EFBC}") = "Tyuiu.ShpilevayaAS.Sprint5.Task5.V24.Lib", "Tyuiu.ShpilevayaAS.Sprint5.Task5.V24.Lib\Tyuiu.ShpilevayaAS.Sprint5.Task5.V24.Lib.csproj", "{EC5686ED-31D2-47FE-AFF9-48E4F6FE9FC8}"
EndProject
Project("{FAE04EC0-301F-11D3-BF4B-00C04F79EFBC}") = "Tyuiu.ShpilevayaAS.Sprint5.Task5.V24.Test", "Tyuiu.ShpilevayaAS.Sprint5.Task5.V24.Test\Tyuiu.ShpilevayaAS.Sprint5.Task5.V24.Test.csproj", "{42C3725C-BA89-4DA4-BF4A-41F0AF86D650}"
EndProject
Project("{2150E333-8FDC-42A3-9474-1A3956D46DE8}") = "Task6", "Task6", "{7821D7DC-84CE-4144-B9F7-B5E8C33CEC76}"
EndProject
Project("{FAE04EC0-301F-11D3-BF4B-00C04F79EFBC}") = "Tyuiu.ShpilevayaAS.Sprint5.Task6.V6", "Tyuiu.ShpilevayaAS.Sprint5.Task6.V6\Tyuiu.ShpilevayaAS.Sprint5.Task6.V6.csproj", "{16C52073-6194-47C2-B2C5-F61B0034359A}"
EndProject
Project("{FAE04EC0-301F-11D3-BF4B-00C04F79EFBC}") = "Tyuiu.ShpilevayaAS.Sprint5.Task6.V6.Lib", "Tyuiu.ShpilevayaAS.Sprint5.Task6.V6.Lib\Tyuiu.ShpilevayaAS.Sprint5.Task6.V6.Lib.csproj", "{7E046C90-6A6F-48F1-B5B5-9E9500EDD87F}"
EndProject
Project("{FAE04EC0-301F-11D3-BF4B-00C04F79EFBC}") = "Tyuiu.ShpilevayaAS.Sprint5.Task6.V6.Test", "Tyuiu.ShpilevayaAS.Sprint5.Task6.V6.Test\Tyuiu.ShpilevayaAS.Sprint5.Task6.V6.Test.csproj", "{71018B60-148A-4DB6-A0B0-E138F3615AC5}"
EndProject
Global
	GlobalSection(SolutionConfigurationPlatforms) = preSolution
		Debug|Any CPU = Debug|Any CPU
		Release|Any CPU = Release|Any CPU
	EndGlobalSection
	GlobalSection(ProjectConfigurationPlatforms) = postSolution
		{F1DE1093-720E-443C-82C7-6A7AB98314D9}.Debug|Any CPU.ActiveCfg = Debug|Any CPU
		{F1DE1093-720E-443C-82C7-6A7AB98314D9}.Debug|Any CPU.Build.0 = Debug|Any CPU
		{F1DE1093-720E-443C-82C7-6A7AB98314D9}.Release|Any CPU.ActiveCfg = Release|Any CPU
		{F1DE1093-720E-443C-82C7-6A7AB98314D9}.Release|Any CPU.Build.0 = Release|Any CPU
		{A23718D0-AFA6-4FB5-A8C8-F4C41AB36ED3}.Debug|Any CPU.ActiveCfg = Debug|Any CPU
		{A23718D0-AFA6-4FB5-A8C8-F4C41AB36ED3}.Debug|Any CPU.Build.0 = Debug|Any CPU
		{A23718D0-AFA6-4FB5-A8C8-F4C41AB36ED3}.Release|Any CPU.ActiveCfg = Release|Any CPU
		{A23718D0-AFA6-4FB5-A8C8-F4C41AB36ED3}.Release|Any CPU.Build.0 = Release|Any CPU
		{8E78E18D-2CFD-489D-9FB8-708DE127A7C5}.Debug|Any CPU.ActiveCfg = Debug|Any CPU
		{8E78E18D-2CFD-489D-9FB8-708DE127A7C5}.Debug|Any CPU.Build.0 = Debug|Any CPU
		{8E78E18D-2CFD-489D-9FB8-708DE127A7C5}.Release|Any CPU.ActiveCfg = Release|Any CPU
		{8E78E18D-2CFD-489D-9FB8-708DE127A7C5}.Release|Any CPU.Build.0 = Release|Any CPU
		{571678DC-2FEB-43B3-B865-1A9770AC290B}.Debug|Any CPU.ActiveCfg = Debug|Any CPU
		{571678DC-2FEB-43B3-B865-1A9770AC290B}.Debug|Any CPU.Build.0 = Debug|Any CPU
		{571678DC-2FEB-43B3-B865-1A9770AC290B}.Release|Any CPU.ActiveCfg = Release|Any CPU
		{571678DC-2FEB-43B3-B865-1A9770AC290B}.Release|Any CPU.Build.0 = Release|Any CPU
		{E4012395-4584-4556-AC23-E7CD58612B6C}.Debug|Any CPU.ActiveCfg = Debug|Any CPU
		{E4012395-4584-4556-AC23-E7CD58612B6C}.Debug|Any CPU.Build.0 = Debug|Any CPU
		{E4012395-4584-4556-AC23-E7CD58612B6C}.Release|Any CPU.ActiveCfg = Release|Any CPU
		{E4012395-4584-4556-AC23-E7CD58612B6C}.Release|Any CPU.Build.0 = Release|Any CPU
		{96510A73-B5C7-446D-8FDB-A5EC2864AB6C}.Debug|Any CPU.ActiveCfg = Debug|Any CPU
		{96510A73-B5C7-446D-8FDB-A5EC2864AB6C}.Debug|Any CPU.Build.0 = Debug|Any CPU
		{96510A73-B5C7-446D-8FDB-A5EC2864AB6C}.Release|Any CPU.ActiveCfg = Release|Any CPU
		{96510A73-B5C7-446D-8FDB-A5EC2864AB6C}.Release|Any CPU.Build.0 = Release|Any CPU
		{776CBBD6-222F-4B41-8542-52C7234CEB27}.Debug|Any CPU.ActiveCfg = Debug|Any CPU
		{776CBBD6-222F-4B41-8542-52C7234CEB27}.Debug|Any CPU.Build.0 = Debug|Any CPU
		{776CBBD6-222F-4B41-8542-52C7234CEB27}.Release|Any CPU.ActiveCfg = Release|Any CPU
		{776CBBD6-222F-4B41-8542-52C7234CEB27}.Release|Any CPU.Build.0 = Release|Any CPU
		{AAFC38D0-A2A9-4871-BEA3-6812C649F6B0}.Debug|Any CPU.ActiveCfg = Debug|Any CPU
		{AAFC38D0-A2A9-4871-BEA3-6812C649F6B0}.Debug|Any CPU.Build.0 = Debug|Any CPU
		{AAFC38D0-A2A9-4871-BEA3-6812C649F6B0}.Release|Any CPU.ActiveCfg = Release|Any CPU
		{AAFC38D0-A2A9-4871-BEA3-6812C649F6B0}.Release|Any CPU.Build.0 = Release|Any CPU
		{A14BF543-43AF-464F-BAEE-24B9E4D50641}.Debug|Any CPU.ActiveCfg = Debug|Any CPU
		{A14BF543-43AF-464F-BAEE-24B9E4D50641}.Debug|Any CPU.Build.0 = Debug|Any CPU
		{A14BF543-43AF-464F-BAEE-24B9E4D50641}.Release|Any CPU.ActiveCfg = Release|Any CPU
		{A14BF543-43AF-464F-BAEE-24B9E4D50641}.Release|Any CPU.Build.0 = Release|Any CPU
		{8B6FDEDB-4BB6-4F9F-B548-1CA8FEA5155A}.Debug|Any CPU.ActiveCfg = Debug|Any CPU
		{8B6FDEDB-4BB6-4F9F-B548-1CA8FEA5155A}.Debug|Any CPU.Build.0 = Debug|Any CPU
		{8B6FDEDB-4BB6-4F9F-B548-1CA8FEA5155A}.Release|Any CPU.ActiveCfg = Release|Any CPU
		{8B6FDEDB-4BB6-4F9F-B548-1CA8FEA5155A}.Release|Any CPU.Build.0 = Release|Any CPU
		{1A81E6AB-86EC-43AE-B09D-4CDF4C2D42B0}.Debug|Any CPU.ActiveCfg = Debug|Any CPU
		{1A81E6AB-86EC-43AE-B09D-4CDF4C2D42B0}.Debug|Any CPU.Build.0 = Debug|Any CPU
		{1A81E6AB-86EC-43AE-B09D-4CDF4C2D42B0}.Release|Any CPU.ActiveCfg = Release|Any CPU
		{1A81E6AB-86EC-43AE-B09D-4CDF4C2D42B0}.Release|Any CPU.Build.0 = Release|Any CPU
		{8FEE86E9-CBAF-45BA-B426-4710DB7B04B3}.Debug|Any CPU.ActiveCfg = Debug|Any CPU
		{8FEE86E9-CBAF-45BA-B426-4710DB7B04B3}.Debug|Any CPU.Build.0 = Debug|Any CPU
		{8FEE86E9-CBAF-45BA-B426-4710DB7B04B3}.Release|Any CPU.ActiveCfg = Release|Any CPU
		{8FEE86E9-CBAF-45BA-B426-4710DB7B04B3}.Release|Any CPU.Build.0 = Release|Any CPU
		{2770B5EC-D453-4742-AB9C-7B5C5D68C5E3}.Debug|Any CPU.ActiveCfg = Debug|Any CPU
		{2770B5EC-D453-4742-AB9C-7B5C5D68C5E3}.Debug|Any CPU.Build.0 = Debug|Any CPU
		{2770B5EC-D453-4742-AB9C-7B5C5D68C5E3}.Release|Any CPU.ActiveCfg = Release|Any CPU
		{2770B5EC-D453-4742-AB9C-7B5C5D68C5E3}.Release|Any CPU.Build.0 = Release|Any CPU
		{26EE196B-5B99-414F-A782-757A68D06C72}.Debug|Any CPU.ActiveCfg = Debug|Any CPU
		{26EE196B-5B99-414F-A782-757A68D06C72}.Debug|Any CPU.Build.0 = Debug|Any CPU
		{26EE196B-5B99-414F-A782-757A68D06C72}.Release|Any CPU.ActiveCfg = Release|Any CPU
		{26EE196B-5B99-414F-A782-757A68D06C72}.Release|Any CPU.Build.0 = Release|Any CPU
		{DEA53EF4-74D1-4910-8C81-581337B40D0E}.Debug|Any CPU.ActiveCfg = Debug|Any CPU
		{DEA53EF4-74D1-4910-8C81-581337B40D0E}.Debug|Any CPU.Build.0 = Debug|Any CPU
		{DEA53EF4-74D1-4910-8C81-581337B40D0E}.Release|Any CPU.ActiveCfg = Release|Any CPU
		{DEA53EF4-74D1-4910-8C81-581337B40D0E}.Release|Any CPU.Build.0 = Release|Any CPU
		{315F1C65-A4F3-475E-9CE5-2787EC66DB9E}.Debug|Any CPU.ActiveCfg = Debug|Any CPU
		{315F1C65-A4F3-475E-9CE5-2787EC66DB9E}.Debug|Any CPU.Build.0 = Debug|Any CPU
		{315F1C65-A4F3-475E-9CE5-2787EC66DB9E}.Release|Any CPU.ActiveCfg = Release|Any CPU
		{315F1C65-A4F3-475E-9CE5-2787EC66DB9E}.Release|Any CPU.Build.0 = Release|Any CPU
		{EC5686ED-31D2-47FE-AFF9-48E4F6FE9FC8}.Debug|Any CPU.ActiveCfg = Debug|Any CPU
		{EC5686ED-31D2-47FE-AFF9-48E4F6FE9FC8}.Debug|Any CPU.Build.0 = Debug|Any CPU
		{EC5686ED-31D2-47FE-AFF9-48E4F6FE9FC8}.Release|Any CPU.ActiveCfg = Release|Any CPU
		{EC5686ED-31D2-47FE-AFF9-48E4F6FE9FC8}.Release|Any CPU.Build.0 = Release|Any CPU
		{42C3725C-BA89-4DA4-BF4A-41F0AF86D650}.Debug|Any CPU.ActiveCfg = Debug|Any CPU
		{42C3725C-BA89-4DA4-BF4A-41F0AF86D650}.Debug|Any CPU.Build.0 = Debug|Any CPU
		{42C3725C-BA89-4DA4-BF4A-41F0AF86D650}.Release|Any CPU.ActiveCfg = Release|Any CPU
		{42C3725C-BA89-4DA4-BF4A-41F0AF86D650}.Release|Any CPU.Build.0 = Release|Any CPU
		{16C52073-6194-47C2-B2C5-F61B0034359A}.Debug|Any CPU.ActiveCfg = Debug|Any CPU
		{16C52073-6194-47C2-B2C5-F61B0034359A}.Debug|Any CPU.Build.0 = Debug|Any CPU
		{16C52073-6194-47C2-B2C5-F61B0034359A}.Release|Any CPU.ActiveCfg = Release|Any CPU
		{16C52073-6194-47C2-B2C5-F61B0034359A}.Release|Any CPU.Build.0 = Release|Any CPU
		{7E046C90-6A6F-48F1-B5B5-9E9500EDD87F}.Debug|Any CPU.ActiveCfg = Debug|Any CPU
		{7E046C90-6A6F-48F1-B5B5-9E9500EDD87F}.Debug|Any CPU.Build.0 = Debug|Any CPU
		{7E046C90-6A6F-48F1-B5B5-9E9500EDD87F}.Release|Any CPU.ActiveCfg = Release|Any CPU
		{7E046C90-6A6F-48F1-B5B5-9E9500EDD87F}.Release|Any CPU.Build.0 = Release|Any CPU
		{71018B60-148A-4DB6-A0B0-E138F3615AC5}.Debug|Any CPU.ActiveCfg = Debug|Any CPU
		{71018B60-148A-4DB6-A0B0-E138F3615AC5}.Debug|Any CPU.Build.0 = Debug|Any CPU
		{71018B60-148A-4DB6-A0B0-E138F3615AC5}.Release|Any CPU.ActiveCfg = Release|Any CPU
		{71018B60-148A-4DB6-A0B0-E138F3615AC5}.Release|Any CPU.Build.0 = Release|Any CPU
	EndGlobalSection
	GlobalSection(SolutionProperties) = preSolution
		HideSolutionNode = FALSE
	EndGlobalSection
	GlobalSection(NestedProjects) = preSolution
		{F1DE1093-720E-443C-82C7-6A7AB98314D9} = {797D8B11-49A7-4DAC-8B4E-374F3DACE690}
		{A23718D0-AFA6-4FB5-A8C8-F4C41AB36ED3} = {797D8B11-49A7-4DAC-8B4E-374F3DACE690}
		{8E78E18D-2CFD-489D-9FB8-708DE127A7C5} = {797D8B11-49A7-4DAC-8B4E-374F3DACE690}
		{571678DC-2FEB-43B3-B865-1A9770AC290B} = {80533DB3-1323-4AB5-B02F-16688C94C138}
		{E4012395-4584-4556-AC23-E7CD58612B6C} = {80533DB3-1323-4AB5-B02F-16688C94C138}
		{96510A73-B5C7-446D-8FDB-A5EC2864AB6C} = {80533DB3-1323-4AB5-B02F-16688C94C138}
		{776CBBD6-222F-4B41-8542-52C7234CEB27} = {81A72EDC-D449-4FDD-B740-70B44928256A}
		{AAFC38D0-A2A9-4871-BEA3-6812C649F6B0} = {81A72EDC-D449-4FDD-B740-70B44928256A}
		{A14BF543-43AF-464F-BAEE-24B9E4D50641} = {81A72EDC-D449-4FDD-B740-70B44928256A}
		{8B6FDEDB-4BB6-4F9F-B548-1CA8FEA5155A} = {3A111CB7-EF7F-4D35-A31F-AE926D4C46AB}
		{1A81E6AB-86EC-43AE-B09D-4CDF4C2D42B0} = {3A111CB7-EF7F-4D35-A31F-AE926D4C46AB}
		{8FEE86E9-CBAF-45BA-B426-4710DB7B04B3} = {3A111CB7-EF7F-4D35-A31F-AE926D4C46AB}
		{2770B5EC-D453-4742-AB9C-7B5C5D68C5E3} = {AACED109-0D21-44D4-9ADB-4EF7D4306354}
		{26EE196B-5B99-414F-A782-757A68D06C72} = {AACED109-0D21-44D4-9ADB-4EF7D4306354}
		{DEA53EF4-74D1-4910-8C81-581337B40D0E} = {AACED109-0D21-44D4-9ADB-4EF7D4306354}
		{315F1C65-A4F3-475E-9CE5-2787EC66DB9E} = {C292DACA-740C-4EE4-9DBC-167BF791A285}
		{EC5686ED-31D2-47FE-AFF9-48E4F6FE9FC8} = {C292DACA-740C-4EE4-9DBC-167BF791A285}
		{42C3725C-BA89-4DA4-BF4A-41F0AF86D650} = {C292DACA-740C-4EE4-9DBC-167BF791A285}
		{16C52073-6194-47C2-B2C5-F61B0034359A} = {7821D7DC-84CE-4144-B9F7-B5E8C33CEC76}
		{7E046C90-6A6F-48F1-B5B5-9E9500EDD87F} = {7821D7DC-84CE-4144-B9F7-B5E8C33CEC76}
		{71018B60-148A-4DB6-A0B0-E138F3615AC5} = {7821D7DC-84CE-4144-B9F7-B5E8C33CEC76}
	EndGlobalSection
	GlobalSection(ExtensibilityGlobals) = postSolution
		SolutionGuid = {9A17AA12-D5D2-4CB4-981C-336B00C93868}
	EndGlobalSection
EndGlobal
